
Microsoft Visual Studio Solution File, Format Version 12.00
# Visual Studio Version 17
VisualStudioVersion = 17.4.33205.214
MinimumVisualStudioVersion = 10.0.40219.1
Project("{FAE04EC0-301F-11D3-BF4B-00C04F79EFBC}") = "pract12_Shvets", "pract12_Shvets.csproj", "{2FDADF6C-59DF-4FA7-B874-8C61BA9B270C}"
EndProject
Global
	GlobalSection(SolutionConfigurationPlatforms) = preSolution
		Debug|Any CPU = Debug|Any CPU
		Release|Any CPU = Release|Any CPU
	EndGlobalSection
	GlobalSection(ProjectConfigurationPlatforms) = postSolution
		{2FDADF6C-59DF-4FA7-B874-8C61BA9B270C}.Debug|Any CPU.ActiveCfg = Debug|Any CPU
		{2FDADF6C-59DF-4FA7-B874-8C61BA9B270C}.Debug|Any CPU.Build.0 = Debug|Any CPU
		{2FDADF6C-59DF-4FA7-B874-8C61BA9B270C}.Release|Any CPU.ActiveCfg = Release|Any CPU
		{2FDADF6C-59DF-4FA7-B874-8C61BA9B270C}.Release|Any CPU.Build.0 = Release|Any CPU
	EndGlobalSection
	GlobalSection(SolutionProperties) = preSolution
		HideSolutionNode = FALSE
	EndGlobalSection
	GlobalSection(ExtensibilityGlobals) = postSolution
		SolutionGuid = {131B175F-9B5D-4991-97E6-25A7BC63D4B3}
	EndGlobalSection
EndGlobal
